
Microsoft Visual Studio Solution File, Format Version 12.00
# Visual Studio Version 17
VisualStudioVersion = 17.2.32616.157
MinimumVisualStudioVersion = 10.0.40219.1
Project("{FAE04EC0-301F-11D3-BF4B-00C04F79EFBC}") = "Kata_Calculator", "Kata_Calculator\Kata_Calculator.csproj", "{64541C96-2503-432D-B384-0F62D13CC239}"
EndProject
Global
	GlobalSection(SolutionConfigurationPlatforms) = preSolution
		Debug|Any CPU = Debug|Any CPU
		Release|Any CPU = Release|Any CPU
	EndGlobalSection
	GlobalSection(ProjectConfigurationPlatforms) = postSolution
		{64541C96-2503-432D-B384-0F62D13CC239}.Debug|Any CPU.ActiveCfg = Debug|Any CPU
		{64541C96-2503-432D-B384-0F62D13CC239}.Debug|Any CPU.Build.0 = Debug|Any CPU
		{64541C96-2503-432D-B384-0F62D13CC239}.Release|Any CPU.ActiveCfg = Release|Any CPU
		{64541C96-2503-432D-B384-0F62D13CC239}.Release|Any CPU.Build.0 = Release|Any CPU
	EndGlobalSection
	GlobalSection(SolutionProperties) = preSolution
		HideSolutionNode = FALSE
	EndGlobalSection
	GlobalSection(ExtensibilityGlobals) = postSolution
		SolutionGuid = {1EA69D3C-4BC1-49F3-94FA-EE87B80310B6}
	EndGlobalSection
EndGlobal
